
Microsoft Visual Studio Solution File, Format Version 12.00
# Visual Studio Version 17
VisualStudioVersion = 17.0.32112.339
MinimumVisualStudioVersion = 10.0.40219.1
Project("{9A19103F-16F7-4668-BE54-9A1E7A4F7556}") = "GlacierKit", "GlacierKit\GlacierKit.csproj", "{5C66FBC6-98CD-490C-A91A-89D2FBE27D83}"
EndProject
Project("{9A19103F-16F7-4668-BE54-9A1E7A4F7556}") = "GlacierKitCore", "GlacierKitCore\GlacierKitCore.csproj", "{F4BBEDB0-F0F6-4282-B588-00B1C18D49C8}"
EndProject
Project("{9A19103F-16F7-4668-BE54-9A1E7A4F7556}") = "GlacierKitCoreTest", "GlacierKitCoreTest\GlacierKitCoreTest.csproj", "{4D57511E-2BAE-482D-9D45-43093E5577F9}"
EndProject
Project("{9A19103F-16F7-4668-BE54-9A1E7A4F7556}") = "GlacierKitPreviewerDevUtil", "GlacierKitPreviewerDevUtil\GlacierKitPreviewerDevUtil.csproj", "{3D2C3FC8-74A4-49D3-B51E-89CB83D3C79C}"
EndProject
Project("{2150E333-8FDC-42A3-9474-1A3956D46DE8}") = "VSTemplates", "VSTemplates", "{A245EB7C-3E0A-4F80-9221-B63A2A2B6785}"
EndProject
Project("{2150E333-8FDC-42A3-9474-1A3956D46DE8}") = "GlacierKitApp", "GlacierKitApp", "{4E0E7421-C918-4F0E-BCEC-0786BCA9F990}"
EndProject
Project("{2150E333-8FDC-42A3-9474-1A3956D46DE8}") = "UnitTests", "UnitTests", "{2616CA8C-7AB2-4329-B101-10D6E7ECF924}"
EndProject
Project("{2150E333-8FDC-42A3-9474-1A3956D46DE8}") = "Misc", "Misc", "{6362EB5C-E176-4EDD-8290-EE724698C4C7}"
EndProject
Project("{FAE04EC0-301F-11D3-BF4B-00C04F79EFBC}") = "GlacierKitUserControlItemTemplate", "GlacierKitUserControlItemTemplate\GlacierKitUserControlItemTemplate.csproj", "{6BCB9BB0-FE97-4E33-8811-A67A3082EBF4}"
EndProject
Project("{9A19103F-16F7-4668-BE54-9A1E7A4F7556}") = "GlacierKitTest", "GlacierKitTest\GlacierKitTest.csproj", "{00324920-2B03-4380-8724-648489CDC952}"
EndProject
Project("{9A19103F-16F7-4668-BE54-9A1E7A4F7556}") = "GlacierKitTestShared", "GlacierKitTestShared\GlacierKitTestShared.csproj", "{3E4F418F-BB21-4EEF-9D9F-C0E2C7BB46F2}"
EndProject
Project("{FAE04EC0-301F-11D3-BF4B-00C04F79EFBC}") = "GlacierKitModuleProjectTemplate", "GlacierKitModuleProjectTemplate\GlacierKitModuleProjectTemplate.csproj", "{A087A69D-3D76-4BC5-B7ED-C04B19F8C8E1}"
EndProject
Project("{2150E333-8FDC-42A3-9474-1A3956D46DE8}") = "Modules", "Modules", "{F9E958FC-4B2B-4A79-B166-6B45292C2430}"
EndProject
Project("{2150E333-8FDC-42A3-9474-1A3956D46DE8}") = "Placeholders", "Placeholders", "{B79A3E3F-5F4B-4B73-857F-04EE9E6F9C6B}"
EndProject
Project("{9A19103F-16F7-4668-BE54-9A1E7A4F7556}") = "PlaceholderModule", "PlaceholderModule\PlaceholderModule.csproj", "{1DDF4167-7DE8-4FF7-A841-AFDFC9328725}"
EndProject
Project("{2150E333-8FDC-42A3-9474-1A3956D46DE8}") = "Solution Items", "Solution Items", "{55F8B9E5-9B06-4BA4-9BD0-8196947B429D}"
	ProjectSection(SolutionItems) = preProject
		.editorconfig = .editorconfig
	EndProjectSection
EndProject
Global
	GlobalSection(SolutionConfigurationPlatforms) = preSolution
		Debug|Any CPU = Debug|Any CPU
		Debug|x86 = Debug|x86
		Release|Any CPU = Release|Any CPU
		Release|x86 = Release|x86
	EndGlobalSection
	GlobalSection(ProjectConfigurationPlatforms) = postSolution
		{5C66FBC6-98CD-490C-A91A-89D2FBE27D83}.Debug|Any CPU.ActiveCfg = Debug|Any CPU
		{5C66FBC6-98CD-490C-A91A-89D2FBE27D83}.Debug|Any CPU.Build.0 = Debug|Any CPU
		{5C66FBC6-98CD-490C-A91A-89D2FBE27D83}.Debug|x86.ActiveCfg = Debug|Any CPU
		{5C66FBC6-98CD-490C-A91A-89D2FBE27D83}.Debug|x86.Build.0 = Debug|Any CPU
		{5C66FBC6-98CD-490C-A91A-89D2FBE27D83}.Release|Any CPU.ActiveCfg = Release|Any CPU
		{5C66FBC6-98CD-490C-A91A-89D2FBE27D83}.Release|Any CPU.Build.0 = Release|Any CPU
		{5C66FBC6-98CD-490C-A91A-89D2FBE27D83}.Release|x86.ActiveCfg = Release|Any CPU
		{5C66FBC6-98CD-490C-A91A-89D2FBE27D83}.Release|x86.Build.0 = Release|Any CPU
		{F4BBEDB0-F0F6-4282-B588-00B1C18D49C8}.Debug|Any CPU.ActiveCfg = Debug|Any CPU
		{F4BBEDB0-F0F6-4282-B588-00B1C18D49C8}.Debug|Any CPU.Build.0 = Debug|Any CPU
		{F4BBEDB0-F0F6-4282-B588-00B1C18D49C8}.Debug|x86.ActiveCfg = Debug|Any CPU
		{F4BBEDB0-F0F6-4282-B588-00B1C18D49C8}.Debug|x86.Build.0 = Debug|Any CPU
		{F4BBEDB0-F0F6-4282-B588-00B1C18D49C8}.Release|Any CPU.ActiveCfg = Release|Any CPU
		{F4BBEDB0-F0F6-4282-B588-00B1C18D49C8}.Release|Any CPU.Build.0 = Release|Any CPU
		{F4BBEDB0-F0F6-4282-B588-00B1C18D49C8}.Release|x86.ActiveCfg = Release|Any CPU
		{F4BBEDB0-F0F6-4282-B588-00B1C18D49C8}.Release|x86.Build.0 = Release|Any CPU
		{4D57511E-2BAE-482D-9D45-43093E5577F9}.Debug|Any CPU.ActiveCfg = Debug|Any CPU
		{4D57511E-2BAE-482D-9D45-43093E5577F9}.Debug|Any CPU.Build.0 = Debug|Any CPU
		{4D57511E-2BAE-482D-9D45-43093E5577F9}.Debug|x86.ActiveCfg = Debug|Any CPU
		{4D57511E-2BAE-482D-9D45-43093E5577F9}.Debug|x86.Build.0 = Debug|Any CPU
		{4D57511E-2BAE-482D-9D45-43093E5577F9}.Release|Any CPU.ActiveCfg = Release|Any CPU
		{4D57511E-2BAE-482D-9D45-43093E5577F9}.Release|Any CPU.Build.0 = Release|Any CPU
		{4D57511E-2BAE-482D-9D45-43093E5577F9}.Release|x86.ActiveCfg = Release|Any CPU
		{4D57511E-2BAE-482D-9D45-43093E5577F9}.Release|x86.Build.0 = Release|Any CPU
		{3D2C3FC8-74A4-49D3-B51E-89CB83D3C79C}.Debug|Any CPU.ActiveCfg = Debug|Any CPU
		{3D2C3FC8-74A4-49D3-B51E-89CB83D3C79C}.Debug|Any CPU.Build.0 = Debug|Any CPU
		{3D2C3FC8-74A4-49D3-B51E-89CB83D3C79C}.Debug|x86.ActiveCfg = Debug|Any CPU
		{3D2C3FC8-74A4-49D3-B51E-89CB83D3C79C}.Debug|x86.Build.0 = Debug|Any CPU
		{3D2C3FC8-74A4-49D3-B51E-89CB83D3C79C}.Release|Any CPU.ActiveCfg = Release|Any CPU
		{3D2C3FC8-74A4-49D3-B51E-89CB83D3C79C}.Release|Any CPU.Build.0 = Release|Any CPU
		{3D2C3FC8-74A4-49D3-B51E-89CB83D3C79C}.Release|x86.ActiveCfg = Release|Any CPU
		{3D2C3FC8-74A4-49D3-B51E-89CB83D3C79C}.Release|x86.Build.0 = Release|Any CPU
		{6BCB9BB0-FE97-4E33-8811-A67A3082EBF4}.Debug|Any CPU.ActiveCfg = Debug|Any CPU
		{6BCB9BB0-FE97-4E33-8811-A67A3082EBF4}.Debug|Any CPU.Build.0 = Debug|Any CPU
		{6BCB9BB0-FE97-4E33-8811-A67A3082EBF4}.Debug|x86.ActiveCfg = Debug|x86
		{6BCB9BB0-FE97-4E33-8811-A67A3082EBF4}.Debug|x86.Build.0 = Debug|x86
		{6BCB9BB0-FE97-4E33-8811-A67A3082EBF4}.Release|Any CPU.ActiveCfg = Release|Any CPU
		{6BCB9BB0-FE97-4E33-8811-A67A3082EBF4}.Release|Any CPU.Build.0 = Release|Any CPU
		{6BCB9BB0-FE97-4E33-8811-A67A3082EBF4}.Release|x86.ActiveCfg = Release|x86
		{6BCB9BB0-FE97-4E33-8811-A67A3082EBF4}.Release|x86.Build.0 = Release|x86
		{00324920-2B03-4380-8724-648489CDC952}.Debug|Any CPU.ActiveCfg = Debug|Any CPU
		{00324920-2B03-4380-8724-648489CDC952}.Debug|Any CPU.Build.0 = Debug|Any CPU
		{00324920-2B03-4380-8724-648489CDC952}.Debug|x86.ActiveCfg = Debug|Any CPU
		{00324920-2B03-4380-8724-648489CDC952}.Debug|x86.Build.0 = Debug|Any CPU
		{00324920-2B03-4380-8724-648489CDC952}.Release|Any CPU.ActiveCfg = Release|Any CPU
		{00324920-2B03-4380-8724-648489CDC952}.Release|Any CPU.Build.0 = Release|Any CPU
		{00324920-2B03-4380-8724-648489CDC952}.Release|x86.ActiveCfg = Release|Any CPU
		{00324920-2B03-4380-8724-648489CDC952}.Release|x86.Build.0 = Release|Any CPU
		{3E4F418F-BB21-4EEF-9D9F-C0E2C7BB46F2}.Debug|Any CPU.ActiveCfg = Debug|Any CPU
		{3E4F418F-BB21-4EEF-9D9F-C0E2C7BB46F2}.Debug|Any CPU.Build.0 = Debug|Any CPU
		{3E4F418F-BB21-4EEF-9D9F-C0E2C7BB46F2}.Debug|x86.ActiveCfg = Debug|Any CPU
		{3E4F418F-BB21-4EEF-9D9F-C0E2C7BB46F2}.Debug|x86.Build.0 = Debug|Any CPU
		{3E4F418F-BB21-4EEF-9D9F-C0E2C7BB46F2}.Release|Any CPU.ActiveCfg = Release|Any CPU
		{3E4F418F-BB21-4EEF-9D9F-C0E2C7BB46F2}.Release|Any CPU.Build.0 = Release|Any CPU
		{3E4F418F-BB21-4EEF-9D9F-C0E2C7BB46F2}.Release|x86.ActiveCfg = Release|Any CPU
		{3E4F418F-BB21-4EEF-9D9F-C0E2C7BB46F2}.Release|x86.Build.0 = Release|Any CPU
		{A087A69D-3D76-4BC5-B7ED-C04B19F8C8E1}.Debug|Any CPU.ActiveCfg = Debug|Any CPU
		{A087A69D-3D76-4BC5-B7ED-C04B19F8C8E1}.Debug|Any CPU.Build.0 = Debug|Any CPU
		{A087A69D-3D76-4BC5-B7ED-C04B19F8C8E1}.Debug|x86.ActiveCfg = Debug|x86
		{A087A69D-3D76-4BC5-B7ED-C04B19F8C8E1}.Debug|x86.Build.0 = Debug|x86
		{A087A69D-3D76-4BC5-B7ED-C04B19F8C8E1}.Release|Any CPU.ActiveCfg = Release|Any CPU
		{A087A69D-3D76-4BC5-B7ED-C04B19F8C8E1}.Release|Any CPU.Build.0 = Release|Any CPU
		{A087A69D-3D76-4BC5-B7ED-C04B19F8C8E1}.Release|x86.ActiveCfg = Release|x86
		{A087A69D-3D76-4BC5-B7ED-C04B19F8C8E1}.Release|x86.Build.0 = Release|x86
		{1DDF4167-7DE8-4FF7-A841-AFDFC9328725}.Debug|Any CPU.ActiveCfg = Debug|Any CPU
		{1DDF4167-7DE8-4FF7-A841-AFDFC9328725}.Debug|Any CPU.Build.0 = Debug|Any CPU
		{1DDF4167-7DE8-4FF7-A841-AFDFC9328725}.Debug|x86.ActiveCfg = Debug|Any CPU
		{1DDF4167-7DE8-4FF7-A841-AFDFC9328725}.Debug|x86.Build.0 = Debug|Any CPU
		{1DDF4167-7DE8-4FF7-A841-AFDFC9328725}.Release|Any CPU.ActiveCfg = Release|Any CPU
		{1DDF4167-7DE8-4FF7-A841-AFDFC9328725}.Release|Any CPU.Build.0 = Release|Any CPU
		{1DDF4167-7DE8-4FF7-A841-AFDFC9328725}.Release|x86.ActiveCfg = Release|Any CPU
		{1DDF4167-7DE8-4FF7-A841-AFDFC9328725}.Release|x86.Build.0 = Release|Any CPU
	EndGlobalSection
	GlobalSection(SolutionProperties) = preSolution
		HideSolutionNode = FALSE
	EndGlobalSection
	GlobalSection(NestedProjects) = preSolution
		{5C66FBC6-98CD-490C-A91A-89D2FBE27D83} = {4E0E7421-C918-4F0E-BCEC-0786BCA9F990}
		{F4BBEDB0-F0F6-4282-B588-00B1C18D49C8} = {4E0E7421-C918-4F0E-BCEC-0786BCA9F990}
		{4D57511E-2BAE-482D-9D45-43093E5577F9} = {2616CA8C-7AB2-4329-B101-10D6E7ECF924}
		{3D2C3FC8-74A4-49D3-B51E-89CB83D3C79C} = {6362EB5C-E176-4EDD-8290-EE724698C4C7}
		{6BCB9BB0-FE97-4E33-8811-A67A3082EBF4} = {A245EB7C-3E0A-4F80-9221-B63A2A2B6785}
		{00324920-2B03-4380-8724-648489CDC952} = {2616CA8C-7AB2-4329-B101-10D6E7ECF924}
		{3E4F418F-BB21-4EEF-9D9F-C0E2C7BB46F2} = {2616CA8C-7AB2-4329-B101-10D6E7ECF924}
		{A087A69D-3D76-4BC5-B7ED-C04B19F8C8E1} = {A245EB7C-3E0A-4F80-9221-B63A2A2B6785}
		{B79A3E3F-5F4B-4B73-857F-04EE9E6F9C6B} = {F9E958FC-4B2B-4A79-B166-6B45292C2430}
		{1DDF4167-7DE8-4FF7-A841-AFDFC9328725} = {B79A3E3F-5F4B-4B73-857F-04EE9E6F9C6B}
	EndGlobalSection
	GlobalSection(ExtensibilityGlobals) = postSolution
		SolutionGuid = {C8E96309-C3AA-440F-AF3B-EF68819DC68E}
	EndGlobalSection
EndGlobal
